{
  "name": "ironplate",
  "version": "1.0.0",
  "lockfileVersion": 1,
  "requires": true,
  "dependencies": {
    "@reach/observe-rect": {
      "version": "1.1.0",
      "resolved": "https://registry.npmjs.org/@reach/observe-rect/-/observe-rect-1.1.0.tgz",
      "integrity": "sha512-kE+jvoj/OyJV24C03VvLt5zclb9ArJi04wWXMMFwQvdZjdHoBlN4g0ZQFjyy/ejPF1Z/dpUD5dhRdBiUmIGZTA=="
    },
    "d3-array": {
      "version": "2.4.0",
      "resolved": "https://registry.npmjs.org/d3-array/-/d3-array-2.4.0.tgz",
      "integrity": "sha512-KQ41bAF2BMakf/HdKT865ALd4cgND6VcIztVQZUTt0+BH3RWy6ZYnHghVXf6NFjt2ritLr8H1T8LreAAlfiNcw=="
    },
    "d3-color": {
      "version": "1.4.1",
      "resolved": "https://registry.npmjs.org/d3-color/-/d3-color-1.4.1.tgz",
      "integrity": "sha512-p2sTHSLCJI2QKunbGb7ocOh7DgTAn8IrLx21QRc/BSnodXM4sv6aLQlnfpvehFMLZEfBc6g9pH9SWQccFYfJ9Q=="
    },
    "d3-delaunay": {
      "version": "5.2.1",
      "resolved": "https://registry.npmjs.org/d3-delaunay/-/d3-delaunay-5.2.1.tgz",
      "integrity": "sha512-ZZdeJl6cKRyqYVFYK+/meXvWIrAvZsZTD7WSxl4OPXCmuXNgDyACAClAJHD63zL25TA+IJGURUNO7rFseNFCYw==",
      "requires": {
        "delaunator": "4"
      }
    },
    "d3-format": {
      "version": "1.4.4",
      "resolved": "https://registry.npmjs.org/d3-format/-/d3-format-1.4.4.tgz",
      "integrity": "sha512-TWks25e7t8/cqctxCmxpUuzZN11QxIA7YrMbram94zMQ0PXjE4LVIMe/f6a4+xxL8HQ3OsAFULOINQi1pE62Aw=="
    },
    "d3-interpolate": {
      "version": "1.4.0",
      "resolved": "https://registry.npmjs.org/d3-interpolate/-/d3-interpolate-1.4.0.tgz",
      "integrity": "sha512-V9znK0zc3jOPV4VD2zZn0sDhZU3WAE2bmlxdIwwQPPzPjvyLkd8B3JUVdS1IDUFDkWZ72c9qnv1GK2ZagTZ8EA==",
      "requires": {
        "d3-color": "1"
      }
    },
    "d3-path": {
      "version": "1.0.9",
      "resolved": "https://registry.npmjs.org/d3-path/-/d3-path-1.0.9.tgz",
      "integrity": "sha512-VLaYcn81dtHVTjEHd8B+pbe9yHWpXKZUC87PzoFmsFrJqgFwDe/qxfp5MlfsfM1V5E/iVt0MmEbWQ7FVIXh/bg=="
    },
    "d3-scale": {
      "version": "3.2.1",
      "resolved": "https://registry.npmjs.org/d3-scale/-/d3-scale-3.2.1.tgz",
      "integrity": "sha512-huz5byJO/6MPpz6Q8d4lg7GgSpTjIZW/l+1MQkzKfu2u8P6hjaXaStOpmyrD6ymKoW87d2QVFCKvSjLwjzx/rA==",
      "requires": {
        "d3-array": "1.2.0 - 2",
        "d3-format": "1",
        "d3-interpolate": "^1.2.0",
        "d3-time": "1",
        "d3-time-format": "2"
      }
    },
    "d3-shape": {
      "version": "1.3.7",
      "resolved": "https://registry.npmjs.org/d3-shape/-/d3-shape-1.3.7.tgz",
      "integrity": "sha512-EUkvKjqPFUAZyOlhY5gzCxCeI0Aep04LwIRpsZ/mLFelJiUfnK56jo5JMDSE7yyP2kLSb6LtF+S5chMk7uqPqw==",
      "requires": {
        "d3-path": "1"
      }
    },
    "d3-time": {
      "version": "1.1.0",
      "resolved": "https://registry.npmjs.org/d3-time/-/d3-time-1.1.0.tgz",
      "integrity": "sha512-Xh0isrZ5rPYYdqhAVk8VLnMEidhz5aP7htAADH6MfzgmmicPkTo8LhkLxci61/lCB7n7UmE3bN0leRt+qvkLxA=="
    },
    "d3-time-format": {
      "version": "2.2.3",
      "resolved": "https://registry.npmjs.org/d3-time-format/-/d3-time-format-2.2.3.tgz",
      "integrity": "sha512-RAHNnD8+XvC4Zc4d2A56Uw0yJoM7bsvOlJR33bclxq399Rak/b9bhvu/InjxdWhPtkgU53JJcleJTGkNRnN6IA==",
      "requires": {
        "d3-time": "1"
      }
    },
    "d3-voronoi": {
      "version": "1.1.4",
      "resolved": "https://registry.npmjs.org/d3-voronoi/-/d3-voronoi-1.1.4.tgz",
      "integrity": "sha512-dArJ32hchFsrQ8uMiTBLq256MpnZjeuBtdHpaDlYuQyjU0CVzCJl/BVW+SkszaAeH95D/8gxqAhgx0ouAWAfRg=="
    },
    "delaunator": {
      "version": "4.0.1",
      "resolved": "https://registry.npmjs.org/delaunator/-/delaunator-4.0.1.tgz",
      "integrity": "sha512-WNPWi1IRKZfCt/qIDMfERkDp93+iZEmOxN2yy4Jg+Xhv8SLk2UTqqbe1sfiipn0and9QrE914/ihdx82Y/Giag=="
    },
    "performance-now": {
      "version": "2.1.0",
      "resolved": "https://registry.npmjs.org/performance-now/-/performance-now-2.1.0.tgz",
      "integrity": "sha1-Ywn04OX6kT7BxpMHrjZLSzd8nns="
    },
    "raf": {
      "version": "3.4.1",
      "resolved": "https://registry.npmjs.org/raf/-/raf-3.4.1.tgz",
      "integrity": "sha512-Sq4CW4QhwOHE8ucn6J34MqtZCeWFP2aQSmrlroYgqAV1PjStIhJXxYuTgUIfkEk7zTLjmIjLmU5q+fbD1NnOJA==",
      "requires": {
        "performance-now": "^2.1.0"
      }
    },
    "react-charts": {
      "version": "2.0.0-beta.6",
      "resolved": "https://registry.npmjs.org/react-charts/-/react-charts-2.0.0-beta.6.tgz",
      "integrity": "sha512-GxcErCb/TSCsgug4uumSyzhXflwtQRwsN6nGA1e8dIqh9Z6gRFgDZF6DNCmvuHLibnu0JfLDmyaG7+MFgBzuDQ==",
      "requires": {
        "@reach/observe-rect": "^1.0.3",
        "d3-delaunay": "^5.1.6",
        "d3-scale": "^3.2.0",
        "d3-shape": "^1.3.7",
        "d3-voronoi": "^1.1.2",
        "raf": "^3.4.1"
      }
    },
    "zingchart": {
      "version": "2.9.0",
      "resolved": "https://registry.npmjs.org/zingchart/-/zingchart-2.9.0.tgz",
      "integrity": "sha512-9dvIJt+BbF7POe3FUY55YfefK3+I2J8g2eXOEM46gHJc3o/kzbXnrYoVp1QSMwNaCr7qL5oeRhoMobfiGbW2/A=="
    },
    "zingchart-constants": {
      "version": "github:zingchart/zingchart-constants#3d6a0bf274de284184c07bd9ad6f3caad3a7d6f6",
      "from": "github:zingchart/zingchart-constants#master"
    },
    "zingchart-react": {
      "version": "2.1.0",
      "resolved": "https://registry.npmjs.org/zingchart-react/-/zingchart-react-2.1.0.tgz",
      "integrity": "sha512-Eqq5h/0jz7ClHDGbtPBKG+dRYir7aCQ1i1fuxufqPa/gfTNlZqlcBu+KItRgtaYq+AX79nMGrsghEU1AFOjlIQ==",
      "requires": {
        "zingchart": "^2.8.8",
        "zingchart-constants": "github:zingchart/zingchart-constants#master"
      }
    }
  }
}
